# This file is automatically @generated by Cargo.
# It is not intended for manual editing.
version = 4

[[package]]
name = "opensimplex_noise_rs"
version = "0.3.0"
source = "registry+https://github.com/rust-lang/crates.io-index"
checksum = "ba77c545f2291bb66897afe90c8583c4fdc427fae9cb552db032e74d7526e8b5"

[[package]]
name = "voxel_world"
version = "0.1.0"
dependencies = [
 "opensimplex_noise_rs",
]
